
Microsoft Visual Studio Solution File, Format Version 12.00
# Visual Studio Version 17
VisualStudioVersion = 17.9.34728.123
MinimumVisualStudioVersion = 10.0.40219.1
Project("{FAE04EC0-301F-11D3-BF4B-00C04F79EFBC}") = "TCP_CLIENT", "TCP_CLIENT\TCP_CLIENT.csproj", "{02BF6498-F757-424A-B38C-E08418195439}"
EndProject
Global
	GlobalSection(SolutionConfigurationPlatforms) = preSolution
		Debug|Any CPU = Debug|Any CPU
		Release|Any CPU = Release|Any CPU
	EndGlobalSection
	GlobalSection(ProjectConfigurationPlatforms) = postSolution
		{02BF6498-F757-424A-B38C-E08418195439}.Debug|Any CPU.ActiveCfg = Debug|Any CPU
		{02BF6498-F757-424A-B38C-E08418195439}.Debug|Any CPU.Build.0 = Debug|Any CPU
		{02BF6498-F757-424A-B38C-E08418195439}.Release|Any CPU.ActiveCfg = Release|Any CPU
		{02BF6498-F757-424A-B38C-E08418195439}.Release|Any CPU.Build.0 = Release|Any CPU
	EndGlobalSection
	GlobalSection(SolutionProperties) = preSolution
		HideSolutionNode = FALSE
	EndGlobalSection
	GlobalSection(ExtensibilityGlobals) = postSolution
		SolutionGuid = {838A445E-B1C6-473B-8F81-E2597555C2F2}
	EndGlobalSection
EndGlobal
