
Microsoft Visual Studio Solution File, Format Version 12.00
# Visual Studio Version 17
VisualStudioVersion = 17.9.34728.123
MinimumVisualStudioVersion = 10.0.40219.1
Project("{FAE04EC0-301F-11D3-BF4B-00C04F79EFBC}") = "Assignment2", "Assignment2\Assignment2.csproj", "{97639757-52BD-4DD1-992A-BAD5F006DA71}"
EndProject
Global
	GlobalSection(SolutionConfigurationPlatforms) = preSolution
		Debug|Any CPU = Debug|Any CPU
		Release|Any CPU = Release|Any CPU
	EndGlobalSection
	GlobalSection(ProjectConfigurationPlatforms) = postSolution
		{97639757-52BD-4DD1-992A-BAD5F006DA71}.Debug|Any CPU.ActiveCfg = Debug|Any CPU
		{97639757-52BD-4DD1-992A-BAD5F006DA71}.Debug|Any CPU.Build.0 = Debug|Any CPU
		{97639757-52BD-4DD1-992A-BAD5F006DA71}.Release|Any CPU.ActiveCfg = Release|Any CPU
		{97639757-52BD-4DD1-992A-BAD5F006DA71}.Release|Any CPU.Build.0 = Release|Any CPU
	EndGlobalSection
	GlobalSection(SolutionProperties) = preSolution
		HideSolutionNode = FALSE
	EndGlobalSection
	GlobalSection(ExtensibilityGlobals) = postSolution
		SolutionGuid = {FBA095B2-7A7A-4FFC-8CE5-7A43F2E55F06}
	EndGlobalSection
EndGlobal
