
Microsoft Visual Studio Solution File, Format Version 12.00
# Visual Studio Version 17
VisualStudioVersion = 17.9.34728.123
MinimumVisualStudioVersion = 10.0.40219.1
Project("{FAE04EC0-301F-11D3-BF4B-00C04F79EFBC}") = "Assignment_2", "Assignment_2\Assignment_2.csproj", "{D432ACDB-C6CA-4C3B-A2F8-BAEFB01A5841}"
EndProject
Global
	GlobalSection(SolutionConfigurationPlatforms) = preSolution
		Debug|Any CPU = Debug|Any CPU
		Release|Any CPU = Release|Any CPU
	EndGlobalSection
	GlobalSection(ProjectConfigurationPlatforms) = postSolution
		{D432ACDB-C6CA-4C3B-A2F8-BAEFB01A5841}.Debug|Any CPU.ActiveCfg = Debug|Any CPU
		{D432ACDB-C6CA-4C3B-A2F8-BAEFB01A5841}.Debug|Any CPU.Build.0 = Debug|Any CPU
		{D432ACDB-C6CA-4C3B-A2F8-BAEFB01A5841}.Release|Any CPU.ActiveCfg = Release|Any CPU
		{D432ACDB-C6CA-4C3B-A2F8-BAEFB01A5841}.Release|Any CPU.Build.0 = Release|Any CPU
	EndGlobalSection
	GlobalSection(SolutionProperties) = preSolution
		HideSolutionNode = FALSE
	EndGlobalSection
	GlobalSection(ExtensibilityGlobals) = postSolution
		SolutionGuid = {2594E49B-DA1C-419C-9AA6-90987B4B1DA2}
	EndGlobalSection
EndGlobal
