
Microsoft Visual Studio Solution File, Format Version 12.00
# Visual Studio Version 17
VisualStudioVersion = 17.9.34728.123
MinimumVisualStudioVersion = 10.0.40219.1
Project("{FAE04EC0-301F-11D3-BF4B-00C04F79EFBC}") = "TCP_Server", "TCP_Server\TCP_Server.csproj", "{D521E691-D130-4D94-8F25-B1DE48A4229C}"
EndProject
Project("{FAE04EC0-301F-11D3-BF4B-00C04F79EFBC}") = "TCP_Client", "TCP_Client\TCP_Client.csproj", "{BFBCC83D-90CB-46C8-A8C8-F99A5F0D04A5}"
EndProject
Global
	GlobalSection(SolutionConfigurationPlatforms) = preSolution
		Debug|Any CPU = Debug|Any CPU
		Release|Any CPU = Release|Any CPU
	EndGlobalSection
	GlobalSection(ProjectConfigurationPlatforms) = postSolution
		{D521E691-D130-4D94-8F25-B1DE48A4229C}.Debug|Any CPU.ActiveCfg = Debug|Any CPU
		{D521E691-D130-4D94-8F25-B1DE48A4229C}.Debug|Any CPU.Build.0 = Debug|Any CPU
		{D521E691-D130-4D94-8F25-B1DE48A4229C}.Release|Any CPU.ActiveCfg = Release|Any CPU
		{D521E691-D130-4D94-8F25-B1DE48A4229C}.Release|Any CPU.Build.0 = Release|Any CPU
		{BFBCC83D-90CB-46C8-A8C8-F99A5F0D04A5}.Debug|Any CPU.ActiveCfg = Debug|Any CPU
		{BFBCC83D-90CB-46C8-A8C8-F99A5F0D04A5}.Debug|Any CPU.Build.0 = Debug|Any CPU
		{BFBCC83D-90CB-46C8-A8C8-F99A5F0D04A5}.Release|Any CPU.ActiveCfg = Release|Any CPU
		{BFBCC83D-90CB-46C8-A8C8-F99A5F0D04A5}.Release|Any CPU.Build.0 = Release|Any CPU
	EndGlobalSection
	GlobalSection(SolutionProperties) = preSolution
		HideSolutionNode = FALSE
	EndGlobalSection
	GlobalSection(ExtensibilityGlobals) = postSolution
		SolutionGuid = {D4C1DF66-B113-44CC-ACD0-0E592153AF0E}
	EndGlobalSection
EndGlobal
